
Microsoft Visual Studio Solution File, Format Version 12.00
# Visual Studio Version 17
VisualStudioVersion = 17.6.33815.320
MinimumVisualStudioVersion = 10.0.40219.1
Project("{9A19103F-16F7-4668-BE54-9A1E7A4F7556}") = "SqlToFlatFileLib", "SqlToFlatFileLib\SqlToFlatFileLib.csproj", "{507E9581-E006-465C-A412-3B28E44EDE0B}"
EndProject
Project("{FAE04EC0-301F-11D3-BF4B-00C04F79EFBC}") = "SqlToFlatFile", "SqlToFlatFile\SqlToFlatFile.csproj", "{47144F0C-0B07-4C20-85F8-D5B63F33D084}"
EndProject
Project("{FAE04EC0-301F-11D3-BF4B-00C04F79EFBC}") = "TestSqlToFlatFileCore", "TestSqlToFlatFileCore\TestSqlToFlatFileCore.csproj", "{A03EE1BF-37C4-4179-9B8B-9AA126C6D917}"
EndProject
Global
	GlobalSection(SolutionConfigurationPlatforms) = preSolution
		Debug|Any CPU = Debug|Any CPU
		Release|Any CPU = Release|Any CPU
	EndGlobalSection
	GlobalSection(ProjectConfigurationPlatforms) = postSolution
		{507E9581-E006-465C-A412-3B28E44EDE0B}.Debug|Any CPU.ActiveCfg = Debug|Any CPU
		{507E9581-E006-465C-A412-3B28E44EDE0B}.Debug|Any CPU.Build.0 = Debug|Any CPU
		{507E9581-E006-465C-A412-3B28E44EDE0B}.Release|Any CPU.ActiveCfg = Release|Any CPU
		{507E9581-E006-465C-A412-3B28E44EDE0B}.Release|Any CPU.Build.0 = Release|Any CPU
		{47144F0C-0B07-4C20-85F8-D5B63F33D084}.Debug|Any CPU.ActiveCfg = Debug|Any CPU
		{47144F0C-0B07-4C20-85F8-D5B63F33D084}.Debug|Any CPU.Build.0 = Debug|Any CPU
		{47144F0C-0B07-4C20-85F8-D5B63F33D084}.Release|Any CPU.ActiveCfg = Release|Any CPU
		{47144F0C-0B07-4C20-85F8-D5B63F33D084}.Release|Any CPU.Build.0 = Release|Any CPU
		{A03EE1BF-37C4-4179-9B8B-9AA126C6D917}.Debug|Any CPU.ActiveCfg = Debug|Any CPU
		{A03EE1BF-37C4-4179-9B8B-9AA126C6D917}.Debug|Any CPU.Build.0 = Debug|Any CPU
		{A03EE1BF-37C4-4179-9B8B-9AA126C6D917}.Release|Any CPU.ActiveCfg = Release|Any CPU
		{A03EE1BF-37C4-4179-9B8B-9AA126C6D917}.Release|Any CPU.Build.0 = Release|Any CPU
	EndGlobalSection
	GlobalSection(SolutionProperties) = preSolution
		HideSolutionNode = FALSE
	EndGlobalSection
	GlobalSection(ExtensibilityGlobals) = postSolution
		SolutionGuid = {8D265AFF-6AF4-4E2B-ACD4-491919F79261}
	EndGlobalSection
EndGlobal
